
Microsoft Visual Studio Solution File, Format Version 12.00
# Visual Studio Version 17
VisualStudioVersion = 17.13.35825.156 d17.13
MinimumVisualStudioVersion = 10.0.40219.1
Project("{FAE04EC0-301F-11D3-BF4B-00C04F79EFBC}") = "Porfolio_BE", "Porfolio_BE.csproj", "{30EFC937-904E-4EC3-A89B-C02FE6C122B2}"
EndProject
Global
	GlobalSection(SolutionConfigurationPlatforms) = preSolution
		Debug|Any CPU = Debug|Any CPU
		Release|Any CPU = Release|Any CPU
	EndGlobalSection
	GlobalSection(ProjectConfigurationPlatforms) = postSolution
		{30EFC937-904E-4EC3-A89B-C02FE6C122B2}.Debug|Any CPU.ActiveCfg = Debug|Any CPU
		{30EFC937-904E-4EC3-A89B-C02FE6C122B2}.Debug|Any CPU.Build.0 = Debug|Any CPU
		{30EFC937-904E-4EC3-A89B-C02FE6C122B2}.Release|Any CPU.ActiveCfg = Release|Any CPU
		{30EFC937-904E-4EC3-A89B-C02FE6C122B2}.Release|Any CPU.Build.0 = Release|Any CPU
	EndGlobalSection
	GlobalSection(SolutionProperties) = preSolution
		HideSolutionNode = FALSE
	EndGlobalSection
	GlobalSection(ExtensibilityGlobals) = postSolution
		SolutionGuid = {BE8AF7F3-48D8-47CF-AF89-303AAF57B417}
	EndGlobalSection
EndGlobal
